{
    "version": 3,
    "terraform_version": "0.11.2",
    "serial": 11,
    "lineage": "12e456bc-77ea-46e7-be3d-0e70853e5843",
    "modules": [
        {
            "path": [
                "root"
            ],
            "outputs": {
                "child_memory": {
                    "sensitive": false,
                    "type": "string",
                    "value": "3G"
                }
            },
            "resources": {
                "data.vsphere_datacenter.dc": {
                    "type": "vsphere_datacenter",
                    "depends_on": [],
                    "primary": {
                        "id": "datacenter-2",
                        "attributes": {
                            "id": "datacenter-2",
                            "name": "Datacenter"
                        },
                        "meta": {},
                        "tainted": false
                    },
                    "deposed": [],
                    "provider": "provider.vsphere"
                }
            },
            "depends_on": []
        },
        {
            "path": [
                "root",
                "child"
            ],
            "outputs": {
                "received": {
                    "sensitive": false,
                    "type": "string",
                    "value": "3G"
                }
            },
            "resources": {
                "data.vsphere_datacenter.dc": {
                    "type": "vsphere_datacenter",
                    "depends_on": [],
                    "primary": {
                        "id": "datacenter-2",
                        "attributes": {
                            "id": "datacenter-2",
                            "name": "Datacenter"
                        },
                        "meta": {},
                        "tainted": false
                    },
                    "deposed": [],
                    "provider": "provider.vsphere"
                },
                "vsphere_folder.module_test_folder": {
                    "type": "vsphere_folder",
                    "depends_on": [
                        "data.vsphere_datacenter.dc"
                    ],
                    "primary": {
                        "id": "group-v67",
                        "attributes": {
                            "custom_attributes.%": "0",
                            "datacenter_id": "datacenter-2",
                            "id": "group-v67",
                            "path": "module_test_folder_sid_new",
                            "tags.#": "0",
                            "type": "vm"
                        },
                        "meta": {
                            "schema_version": "1"
                        },
                        "tainted": false
                    },
                    "deposed": [],
                    "provider": "provider.vsphere"
                }
            },
            "depends_on": []
        },
        {
            "path": [
                "root",
                "children"
            ],
            "outputs": {
                "received": {
                    "sensitive": false,
                    "type": "string",
                    "value": "4G"
                }
            },
            "resources": {
                "data.vsphere_datacenter.dc": {
                    "type": "vsphere_datacenter",
                    "depends_on": [],
                    "primary": {
                        "id": "datacenter-2",
                        "attributes": {
                            "id": "datacenter-2",
                            "name": "Datacenter"
                        },
                        "meta": {},
                        "tainted": false
                    },
                    "deposed": [],
                    "provider": "provider.vsphere"
                },
                "vsphere_folder.module_test_folder": {
                    "type": "vsphere_folder",
                    "depends_on": [
                        "data.vsphere_datacenter.dc"
                    ],
                    "primary": {
                        "id": "group-v68",
                        "attributes": {
                            "custom_attributes.%": "0",
                            "datacenter_id": "datacenter-2",
                            "id": "group-v68",
                            "path": "module_test_folder_pra_new",
                            "tags.#": "0",
                            "type": "vm"
                        },
                        "meta": {
                            "schema_version": "1"
                        },
                        "tainted": false
                    },
                    "deposed": [],
                    "provider": "provider.vsphere"
                }
            },
            "depends_on": []
        }
    ]
}
